// !$*UTF8*$!
{
	archiveVersion = 1;
	classes = {
	};
	objectVersion = 51;
	objects = {

/* Begin PBXBuildFile section */
		3B37C1D019F37C8B23D6A32F /* Pods_Flixter_FlixterUITests.framework in Frameworks */ = {isa = PBXBuildFile; fileRef = 8B418EDC7EFD216530B9896D /* Pods_Flixter_FlixterUITests.framework */; };
		6C2D7FB32527CDCD008F78D9 /* CollectionDetailedViewController.swift in Sources */ = {isa = PBXBuildFile; fileRef = 6C2D7FB22527CDCD008F78D9 /* CollectionDetailedViewController.swift */; };
		6C8416952525297F00CF1CD6 /* MovieDetailsViewController.swift in Sources */ = {isa = PBXBuildFile; fileRef = 6C8416942525297F00CF1CD6 /* MovieDetailsViewController.swift */; };
		6C84169A2525323C00CF1CD6 /* MovieGridViewController.swift in Sources */ = {isa = PBXBuildFile; fileRef = 6C8416992525323C00CF1CD6 /* MovieGridViewController.swift */; };
		6C84169F2525484500CF1CD6 /* MovieGridCell.swift in Sources */ = {isa = PBXBuildFile; fileRef = 6C84169E2525484500CF1CD6 /* MovieGridCell.swift */; };
		6CE0A400251DAE1600965363 /* AppDelegate.swift in Sources */ = {isa = PBXBuildFile; fileRef = 6CE0A3FF251DAE1600965363 /* AppDelegate.swift */; };
		6CE0A402251DAE1600965363 /* SceneDelegate.swift in Sources */ = {isa = PBXBuildFile; fileRef = 6CE0A401251DAE1600965363 /* SceneDelegate.swift */; };
		6CE0A407251DAE1600965363 /* Main.storyboard in Resources */ = {isa = PBXBuildFile; fileRef = 6CE0A405251DAE1600965363 /* Main.storyboard */; };
		6CE0A409251DAE1800965363 /* Assets.xcassets in Resources */ = {isa = PBXBuildFile; fileRef = 6CE0A408251DAE1800965363 /* Assets.xcassets */; };
		6CE0A40C251DAE1800965363 /* LaunchScreen.storyboard in Resources */ = {isa = PBXBuildFile; fileRef = 6CE0A40A251DAE1800965363 /* LaunchScreen.storyboard */; };
		6CE0A417251DAE1800965363 /* FlixterTests.swift in Sources */ = {isa = PBXBuildFile; fileRef = 6CE0A416251DAE1800965363 /* FlixterTests.swift */; };
		6CE0A422251DAE1900965363 /* FlixterUITests.swift in Sources */ = {isa = PBXBuildFile; fileRef = 6CE0A421251DAE1900965363 /* FlixterUITests.swift */; };
		6CE0A446251DB1DB00965363 /* MoviesViewController.swift in Sources */ = {isa = PBXBuildFile; fileRef = 6CE0A445251DB1DB00965363 /* MoviesViewController.swift */; };
		6CE0A453251DBBAE00965363 /* MovieCell.swift in Sources */ = {isa = PBXBuildFile; fileRef = 6CE0A452251DBBAD00965363 /* MovieCell.swift */; };
		A7360523DD2A8AA685E0F4F2 /* Pods_FlixterTests.framework in Frameworks */ = {isa = PBXBuildFile; fileRef = 7666D14CE816C231FD944936 /* Pods_FlixterTests.framework */; };
		AD098D19A8D07136255B7568 /* Pods_Flixter.framework in Frameworks */ = {isa = PBXBuildFile; fileRef = 10A97F3E737CE5A4E0FFADA5 /* Pods_Flixter.framework */; };
/* End PBXBuildFile section */

/* Begin PBXContainerItemProxy section */
		6CE0A413251DAE1800965363 /* PBXContainerItemProxy */ = {
			isa = PBXContainerItemProxy;
			containerPortal = 6CE0A3F4251DAE1600965363 /* Project object */;
			proxyType = 1;
			remoteGlobalIDString = 6CE0A3FB251DAE1600965363;
			remoteInfo = Flixter;
		};
		6CE0A41E251DAE1900965363 /* PBXContainerItemProxy */ = {
			isa = PBXContainerItemProxy;
			containerPortal = 6CE0A3F4251DAE1600965363 /* Project object */;
			proxyType = 1;
			remoteGlobalIDString = 6CE0A3FB251DAE1600965363;
			remoteInfo = Flixter;
		};
/* End PBXContainerItemProxy section */

/* Begin PBXFileReference section */
		0253745715B31E3CFBF17A23 /* Pods-Flixter-FlixterUITests.release.xcconfig */ = {isa = PBXFileReference; includeInIndex = 1; lastKnownFileType = text.xcconfig; name = "Pods-Flixter-FlixterUITests.release.xcconfig"; path = "Target Support Files/Pods-Flixter-FlixterUITests/Pods-Flixter-FlixterUITests.release.xcconfig"; sourceTree = "<group>"; };
		10A97F3E737CE5A4E0FFADA5 /* Pods_Flixter.framework */ = {isa = PBXFileReference; explicitFileType = wrapper.framework; includeInIndex = 0; path = Pods_Flixter.framework; sourceTree = BUILT_PRODUCTS_DIR; };
		141706893AFA65EC4F599AFE /* Pods-FlixterTests.release.xcconfig */ = {isa = PBXFileReference; includeInIndex = 1; lastKnownFileType = text.xcconfig; name = "Pods-FlixterTests.release.xcconfig"; path = "Target Support Files/Pods-FlixterTests/Pods-FlixterTests.release.xcconfig"; sourceTree = "<group>"; };
		252EC57A91E9A259E93BA447 /* Pods-FlixterTests.debug.xcconfig */ = {isa = PBXFileReference; includeInIndex = 1; lastKnownFileType = text.xcconfig; name = "Pods-FlixterTests.debug.xcconfig"; path = "Target Support Files/Pods-FlixterTests/Pods-FlixterTests.debug.xcconfig"; sourceTree = "<group>"; };
		6C2D7FB22527CDCD008F78D9 /* CollectionDetailedViewController.swift */ = {isa = PBXFileReference; lastKnownFileType = sourcecode.swift; path = CollectionDetailedViewController.swift; sourceTree = "<group>"; };
		6C8416942525297F00CF1CD6 /* MovieDetailsViewController.swift */ = {isa = PBXFileReference; lastKnownFileType = sourcecode.swift; path = MovieDetailsViewController.swift; sourceTree = "<group>"; };
		6C8416992525323C00CF1CD6 /* MovieGridViewController.swift */ = {isa = PBXFileReference; lastKnownFileType = sourcecode.swift; path = MovieGridViewController.swift; sourceTree = "<group>"; };
		6C84169E2525484500CF1CD6 /* MovieGridCell.swift */ = {isa = PBXFileReference; lastKnownFileType = sourcecode.swift; path = MovieGridCell.swift; sourceTree = "<group>"; };
		6CE0A3FC251DAE1600965363 /* Flixter.app */ = {isa = PBXFileReference; explicitFileType = wrapper.application; includeInIndex = 0; path = Flixter.app; sourceTree = BUILT_PRODUCTS_DIR; };
		6CE0A3FF251DAE1600965363 /* AppDelegate.swift */ = {isa = PBXFileReference; lastKnownFileType = sourcecode.swift; path = AppDelegate.swift; sourceTree = "<group>"; };
		6CE0A401251DAE1600965363 /* SceneDelegate.swift */ = {isa = PBXFileReference; lastKnownFileType = sourcecode.swift; path = SceneDelegate.swift; sourceTree = "<group>"; };
		6CE0A406251DAE1600965363 /* Base */ = {isa = PBXFileReference; lastKnownFileType = file.storyboard; name = Base; path = Base.lproj/Main.storyboard; sourceTree = "<group>"; };
		6CE0A408251DAE1800965363 /* Assets.xcassets */ = {isa = PBXFileReference; lastKnownFileType = folder.assetcatalog; path = Assets.xcassets; sourceTree = "<group>"; };
		6CE0A40B251DAE1800965363 /* Base */ = {isa = PBXFileReference; lastKnownFileType = file.storyboard; name = Base; path = Base.lproj/LaunchScreen.storyboard; sourceTree = "<group>"; };
		6CE0A40D251DAE1800965363 /* Info.plist */ = {isa = PBXFileReference; lastKnownFileType = text.plist.xml; path = Info.plist; sourceTree = "<group>"; };
		6CE0A412251DAE1800965363 /* FlixterTests.xctest */ = {isa = PBXFileReference; explicitFileType = wrapper.cfbundle; includeInIndex = 0; path = FlixterTests.xctest; sourceTree = BUILT_PRODUCTS_DIR; };
		6CE0A416251DAE1800965363 /* FlixterTests.swift */ = {isa = PBXFileReference; lastKnownFileType = sourcecode.swift; path = FlixterTests.swift; sourceTree = "<group>"; };
		6CE0A418251DAE1800965363 /* Info.plist */ = {isa = PBXFileReference; lastKnownFileType = text.plist.xml; path = Info.plist; sourceTree = "<group>"; };
		6CE0A41D251DAE1900965363 /* FlixterUITests.xctest */ = {isa = PBXFileReference; explicitFileType = wrapper.cfbundle; includeInIndex = 0; path = FlixterUITests.xctest; sourceTree = BUILT_PRODUCTS_DIR; };
		6CE0A421251DAE1900965363 /* FlixterUITests.swift */ = {isa = PBXFileReference; lastKnownFileType = sourcecode.swift; path = FlixterUITests.swift; sourceTree = "<group>"; };
		6CE0A423251DAE1900965363 /* Info.plist */ = {isa = PBXFileReference; lastKnownFileType = text.plist.xml; path = Info.plist; sourceTree = "<group>"; };
		6CE0A445251DB1DB00965363 /* MoviesViewController.swift */ = {isa = PBXFileReference; lastKnownFileType = sourcecode.swift; path = MoviesViewController.swift; sourceTree = "<group>"; };
		6CE0A452251DBBAD00965363 /* MovieCell.swift */ = {isa = PBXFileReference; lastKnownFileType = sourcecode.swift; path = MovieCell.swift; sourceTree = "<group>"; };
		7666D14CE816C231FD944936 /* Pods_FlixterTests.framework */ = {isa = PBXFileReference; explicitFileType = wrapper.framework; includeInIndex = 0; path = Pods_FlixterTests.framework; sourceTree = BUILT_PRODUCTS_DIR; };
		81DFA95638B04CCC3EC41B7E /* Pods-Flixter-FlixterUITests.debug.xcconfig */ = {isa = PBXFileReference; includeInIndex = 1; lastKnownFileType = text.xcconfig; name = "Pods-Flixter-FlixterUITests.debug.xcconfig"; path = "Target Support Files/Pods-Flixter-FlixterUITests/Pods-Flixter-FlixterUITests.debug.xcconfig"; sourceTree = "<group>"; };
		8B418EDC7EFD216530B9896D /* Pods_Flixter_FlixterUITests.framework */ = {isa = PBXFileReference; explicitFileType = wrapper.framework; includeInIndex = 0; path = Pods_Flixter_FlixterUITests.framework; sourceTree = BUILT_PRODUCTS_DIR; };
		9029B554FBBD0E71A192CE78 /* Pods-Flixter.debug.xcconfig */ = {isa = PBXFileReference; includeInIndex = 1; lastKnownFileType = text.xcconfig; name = "Pods-Flixter.debug.xcconfig"; path = "Target Support Files/Pods-Flixter/Pods-Flixter.debug.xcconfig"; sourceTree = "<group>"; };
		FA2A8CADCEC3F32F12A6C88E /* Pods-Flixter.release.xcconfig */ = {isa = PBXFileReference; includeInIndex = 1; lastKnownFileType = text.xcconfig; name = "Pods-Flixter.release.xcconfig"; path = "Target Support Files/Pods-Flixter/Pods-Flixter.release.xcconfig"; sourceTree = "<group>"; };
/* End PBXFileReference section */

/* Begin PBXFrameworksBuildPhase section */
		6CE0A3F9251DAE1600965363 /* Frameworks */ = {
			isa = PBXFrameworksBuildPhase;
			buildActionMask = 2147483647;
			files = (
				AD098D19A8D07136255B7568 /* Pods_Flixter.framework in Frameworks */,
			);
			runOnlyForDeploymentPostprocessing = 0;
		};
		6CE0A40F251DAE1800965363 /* Frameworks */ = {
			isa = PBXFrameworksBuildPhase;
			buildActionMask = 2147483647;
			files = (
				A7360523DD2A8AA685E0F4F2 /* Pods_FlixterTests.framework in Frameworks */,
			);
			runOnlyForDeploymentPostprocessing = 0;
		};
		6CE0A41A251DAE1900965363 /* Frameworks */ = {
			isa = PBXFrameworksBuildPhase;
			buildActionMask = 2147483647;
			files = (
				3B37C1D019F37C8B23D6A32F /* Pods_Flixter_FlixterUITests.framework in Frameworks */,
			);
			runOnlyForDeploymentPostprocessing = 0;
		};
/* End PBXFrameworksBuildPhase section */

/* Begin PBXGroup section */
		6CE0A3F3251DAE1600965363 = {
			isa = PBXGroup;
			children = (
				6CE0A3FE251DAE1600965363 /* Flixter */,
				6CE0A415251DAE1800965363 /* FlixterTests */,
				6CE0A420251DAE1900965363 /* FlixterUITests */,
				6CE0A3FD251DAE1600965363 /* Products */,
				D7DD47E4865CC47C6B96A701 /* Pods */,
				FB898065A2EC9E78B64082FC /* Frameworks */,
			);
			sourceTree = "<group>";
		};
		6CE0A3FD251DAE1600965363 /* Products */ = {
			isa = PBXGroup;
			children = (
				6CE0A3FC251DAE1600965363 /* Flixter.app */,
				6CE0A412251DAE1800965363 /* FlixterTests.xctest */,
				6CE0A41D251DAE1900965363 /* FlixterUITests.xctest */,
			);
			name = Products;
			sourceTree = "<group>";
		};
		6CE0A3FE251DAE1600965363 /* Flixter */ = {
			isa = PBXGroup;
			children = (
				6CE0A3FF251DAE1600965363 /* AppDelegate.swift */,
				6CE0A401251DAE1600965363 /* SceneDelegate.swift */,
				6CE0A405251DAE1600965363 /* Main.storyboard */,
				6C2D7FB22527CDCD008F78D9 /* CollectionDetailedViewController.swift */,
				6C84169E2525484500CF1CD6 /* MovieGridCell.swift */,
				6C8416992525323C00CF1CD6 /* MovieGridViewController.swift */,
				6C8416942525297F00CF1CD6 /* MovieDetailsViewController.swift */,
				6CE0A445251DB1DB00965363 /* MoviesViewController.swift */,
				6CE0A452251DBBAD00965363 /* MovieCell.swift */,
				6CE0A408251DAE1800965363 /* Assets.xcassets */,
				6CE0A40A251DAE1800965363 /* LaunchScreen.storyboard */,
				6CE0A40D251DAE1800965363 /* Info.plist */,
			);
			path = Flixter;
			sourceTree = "<group>";
		};
		6CE0A415251DAE1800965363 /* FlixterTests */ = {
			isa = PBXGroup;
			children = (
				6CE0A416251DAE1800965363 /* FlixterTests.swift */,
				6CE0A418251DAE1800965363 /* Info.plist */,
			);
			path = FlixterTests;
			sourceTree = "<group>";
		};
		6CE0A420251DAE1900965363 /* FlixterUITests */ = {
			isa = PBXGroup;
			children = (
				6CE0A421251DAE1900965363 /* FlixterUITests.swift */,
				6CE0A423251DAE1900965363 /* Info.plist */,
			);
			path = FlixterUITests;
			sourceTree = "<group>";
		};
		D7DD47E4865CC47C6B96A701 /* Pods */ = {
			isa = PBXGroup;
			children = (
				9029B554FBBD0E71A192CE78 /* Pods-Flixter.debug.xcconfig */,
				FA2A8CADCEC3F32F12A6C88E /* Pods-Flixter.release.xcconfig */,
				81DFA95638B04CCC3EC41B7E /* Pods-Flixter-FlixterUITests.debug.xcconfig */,
				0253745715B31E3CFBF17A23 /* Pods-Flixter-FlixterUITests.release.xcconfig */,
				252EC57A91E9A259E93BA447 /* Pods-FlixterTests.debug.xcconfig */,
				141706893AFA65EC4F599AFE /* Pods-FlixterTests.release.xcconfig */,
			);
			path = Pods;
			sourceTree = "<group>";
		};
		FB898065A2EC9E78B64082FC /* Frameworks */ = {
			isa = PBXGroup;
			children = (
				10A97F3E737CE5A4E0FFADA5 /* Pods_Flixter.framework */,
				8B418EDC7EFD216530B9896D /* Pods_Flixter_FlixterUITests.framework */,
				7666D14CE816C231FD944936 /* Pods_FlixterTests.framework */,
			);
			name = Frameworks;
			sourceTree = "<group>";
		};
/* End PBXGroup section */

/* Begin PBXNativeTarget section */
		6CE0A3FB251DAE1600965363 /* Flixter */ = {
			isa = PBXNativeTarget;
			buildConfigurationList = 6CE0A426251DAE1900965363 /* Build configuration list for PBXNativeTarget "Flixter" */;
			buildPhases = (
				B7FEDDEE95F5FF14337E9C34 /* [CP] Check Pods Manifest.lock */,
				6CE0A3F8251DAE1600965363 /* Sources */,
				6CE0A3F9251DAE1600965363 /* Frameworks */,
				6CE0A3FA251DAE1600965363 /* Resources */,
				C9EA92273B970880A96A0BED /* [CP] Embed Pods Frameworks */,
			);
			buildRules = (
			);
			dependencies = (
			);
			name = Flixter;
			productName = Flixter;
			productReference = 6CE0A3FC251DAE1600965363 /* Flixter.app */;
			productType = "com.apple.product-type.application";
		};
		6CE0A411251DAE1800965363 /* FlixterTests */ = {
			isa = PBXNativeTarget;
			buildConfigurationList = 6CE0A429251DAE1900965363 /* Build configuration list for PBXNativeTarget "FlixterTests" */;
			buildPhases = (
				02ED7B8960122106033A77B4 /* [CP] Check Pods Manifest.lock */,
				6CE0A40E251DAE1800965363 /* Sources */,
				6CE0A40F251DAE1800965363 /* Frameworks */,
				6CE0A410251DAE1800965363 /* Resources */,
			);
			buildRules = (
			);
			dependencies = (
				6CE0A414251DAE1800965363 /* PBXTargetDependency */,
			);
			name = FlixterTests;
			productName = FlixterTests;
			productReference = 6CE0A412251DAE1800965363 /* FlixterTests.xctest */;
			productType = "com.apple.product-type.bundle.unit-test";
		};
		6CE0A41C251DAE1900965363 /* FlixterUITests */ = {
			isa = PBXNativeTarget;
			buildConfigurationList = 6CE0A42C251DAE1900965363 /* Build configuration list for PBXNativeTarget "FlixterUITests" */;
			buildPhases = (
				B8156C3515A85214F75E6784 /* [CP] Check Pods Manifest.lock */,
				6CE0A419251DAE1900965363 /* Sources */,
				6CE0A41A251DAE1900965363 /* Frameworks */,
				6CE0A41B251DAE1900965363 /* Resources */,
				14C8A672160EA12CB10F1985 /* [CP] Embed Pods Frameworks */,
			);
			buildRules = (
			);
			dependencies = (
				6CE0A41F251DAE1900965363 /* PBXTargetDependency */,
			);
			name = FlixterUITests;
			productName = FlixterUITests;
			productReference = 6CE0A41D251DAE1900965363 /* FlixterUITests.xctest */;
			productType = "com.apple.product-type.bundle.ui-testing";
		};
/* End PBXNativeTarget section */

/* Begin PBXProject section */
		6CE0A3F4251DAE1600965363 /* Project object */ = {
			isa = PBXProject;
			attributes = {
				LastSwiftUpdateCheck = 1200;
				LastUpgradeCheck = 1200;
				TargetAttributes = {
					6CE0A3FB251DAE1600965363 = {
						CreatedOnToolsVersion = 12.0;
					};
					6CE0A411251DAE1800965363 = {
						CreatedOnToolsVersion = 12.0;
						TestTargetID = 6CE0A3FB251DAE1600965363;
					};
					6CE0A41C251DAE1900965363 = {
						CreatedOnToolsVersion = 12.0;
						TestTargetID = 6CE0A3FB251DAE1600965363;
					};
				};
			};
			buildConfigurationList = 6CE0A3F7251DAE1600965363 /* Build configuration list for PBXProject "Flixter" */;
			compatibilityVersion = "Xcode 9.3";
			developmentRegion = en;
			hasScannedForEncodings = 0;
			knownRegions = (
				en,
				Base,
			);
			mainGroup = 6CE0A3F3251DAE1600965363;
			productRefGroup = 6CE0A3FD251DAE1600965363 /* Products */;
			projectDirPath = "";
			projectRoot = "";
			targets = (
				6CE0A3FB251DAE1600965363 /* Flixter */,
				6CE0A411251DAE1800965363 /* FlixterTests */,
				6CE0A41C251DAE1900965363 /* FlixterUITests */,
			);
		};
/* End PBXProject section */

/* Begin PBXResourcesBuildPhase section */
		6CE0A3FA251DAE1600965363 /* Resources */ = {
			isa = PBXResourcesBuildPhase;
			buildActionMask = 2147483647;
			files = (
				6CE0A40C251DAE1800965363 /* LaunchScreen.storyboard in Resources */,
				6CE0A409251DAE1800965363 /* Assets.xcassets in Resources */,
				6CE0A407251DAE1600965363 /* Main.storyboard in Resources */,
			);
			runOnlyForDeploymentPostprocessing = 0;
		};
		6CE0A410251DAE1800965363 /* Resources */ = {
			isa = PBXResourcesBuildPhase;
			buildActionMask = 2147483647;
			files = (
			);
			runOnlyForDeploymentPostprocessing = 0;
		};
		6CE0A41B251DAE1900965363 /* Resources */ = {
			isa = PBXResourcesBuildPhase;
			buildActionMask = 2147483647;
			files = (
			);
			runOnlyForDeploymentPostprocessing = 0;
		};
/* End PBXResourcesBuildPhase section */

/* Begin PBXShellScriptBuildPhase section */
		02ED7B8960122106033A77B4 /* [CP] Check Pods Manifest.lock */ = {
			isa = PBXShellScriptBuildPhase;
			buildActionMask = 2147483647;
			files = (
			);
			inputFileListPaths = (
			);
			inputPaths = (
				"${PODS_PODFILE_DIR_PATH}/Podfile.lock",
				"${PODS_ROOT}/Manifest.lock",
			);
			name = "[CP] Check Pods Manifest.lock";
			outputFileListPaths = (
			);
			outputPaths = (
				"$(DERIVED_FILE_DIR)/Pods-FlixterTests-checkManifestLockResult.txt",
			);
			runOnlyForDeploymentPostprocessing = 0;
			shellPath = /bin/sh;
			shellScript = "diff \"${PODS_PODFILE_DIR_PATH}/Podfile.lock\" \"${PODS_ROOT}/Manifest.lock\" > /dev/null\nif [ $? != 0 ] ; then\n    # print error to STDERR\n    echo \"error: The sandbox is not in sync with the Podfile.lock. Run 'pod install' or update your CocoaPods installation.\" >&2\n    exit 1\nfi\n# This output is used by Xcode 'outputs' to avoid re-running this script phase.\necho \"SUCCESS\" > \"${SCRIPT_OUTPUT_FILE_0}\"\n";
			showEnvVarsInLog = 0;
		};
		14C8A672160EA12CB10F1985 /* [CP] Embed Pods Frameworks */ = {
			isa = PBXShellScriptBuildPhase;
			buildActionMask = 2147483647;
			files = (
			);
			inputFileListPaths = (
				"${PODS_ROOT}/Target Support Files/Pods-Flixter-FlixterUITests/Pods-Flixter-FlixterUITests-frameworks-${CONFIGURATION}-input-files.xcfilelist",
			);
			name = "[CP] Embed Pods Frameworks";
			outputFileListPaths = (
				"${PODS_ROOT}/Target Support Files/Pods-Flixter-FlixterUITests/Pods-Flixter-FlixterUITests-frameworks-${CONFIGURATION}-output-files.xcfilelist",
			);
			runOnlyForDeploymentPostprocessing = 0;
			shellPath = /bin/sh;
			shellScript = "\"${PODS_ROOT}/Target Support Files/Pods-Flixter-FlixterUITests/Pods-Flixter-FlixterUITests-frameworks.sh\"\n";
			showEnvVarsInLog = 0;
		};
		B7FEDDEE95F5FF14337E9C34 /* [CP] Check Pods Manifest.lock */ = {
			isa = PBXShellScriptBuildPhase;
			buildActionMask = 2147483647;
			files = (
			);
			inputFileListPaths = (
			);
			inputPaths = (
				"${PODS_PODFILE_DIR_PATH}/Podfile.lock",
				"${PODS_ROOT}/Manifest.lock",
			);
			name = "[CP] Check Pods Manifest.lock";
			outputFileListPaths = (
			);
			outputPaths = (
				"$(DERIVED_FILE_DIR)/Pods-Flixter-checkManifestLockResult.txt",
			);
			runOnlyForDeploymentPostprocessing = 0;
			shellPath = /bin/sh;
			shellScript = "diff \"${PODS_PODFILE_DIR_PATH}/Podfile.lock\" \"${PODS_ROOT}/Manifest.lock\" > /dev/null\nif [ $? != 0 ] ; then\n    # print error to STDERR\n    echo \"error: The sandbox is not in sync with the Podfile.lock. Run 'pod install' or update your CocoaPods installation.\" >&2\n    exit 1\nfi\n# This output is used by Xcode 'outputs' to avoid re-running this script phase.\necho \"SUCCESS\" > \"${SCRIPT_OUTPUT_FILE_0}\"\n";
			showEnvVarsInLog = 0;
		};
		B8156C3515A85214F75E6784 /* [CP] Check Pods Manifest.lock */ = {
			isa = PBXShellScriptBuildPhase;
			buildActionMask = 2147483647;
			files = (
			);
			inputFileListPaths = (
			);
			inputPaths = (
				"${PODS_PODFILE_DIR_PATH}/Podfile.lock",
				"${PODS_ROOT}/Manifest.lock",
			);
			name = "[CP] Check Pods Manifest.lock";
			outputFileListPaths = (
			);
			outputPaths = (
				"$(DERIVED_FILE_DIR)/Pods-Flixter-FlixterUITests-checkManifestLockResult.txt",
			);
			runOnlyForDeploymentPostprocessing = 0;
			shellPath = /bin/sh;
			shellScript = "diff \"${PODS_PODFILE_DIR_PATH}/Podfile.lock\" \"${PODS_ROOT}/Manifest.lock\" > /dev/null\nif [ $? != 0 ] ; then\n    # print error to STDERR\n    echo \"error: The sandbox is not in sync with the Podfile.lock. Run 'pod install' or update your CocoaPods installation.\" >&2\n    exit 1\nfi\n# This output is used by Xcode 'outputs' to avoid re-running this script phase.\necho \"SUCCESS\" > \"${SCRIPT_OUTPUT_FILE_0}\"\n";
			showEnvVarsInLog = 0;
		};
		C9EA92273B970880A96A0BED /* [CP] Embed Pods Frameworks */ = {
			isa = PBXShellScriptBuildPhase;
			buildActionMask = 2147483647;
			files = (
			);
			inputFileListPaths = (
				"${PODS_ROOT}/Target Support Files/Pods-Flixter/Pods-Flixter-frameworks-${CONFIGURATION}-input-files.xcfilelist",
			);
			name = "[CP] Embed Pods Frameworks";
			outputFileListPaths = (
				"${PODS_ROOT}/Target Support Files/Pods-Flixter/Pods-Flixter-frameworks-${CONFIGURATION}-output-files.xcfilelist",
			);
			runOnlyForDeploymentPostprocessing = 0;
			shellPath = /bin/sh;
			shellScript = "\"${PODS_ROOT}/Target Support Files/Pods-Flixter/Pods-Flixter-frameworks.sh\"\n";
			showEnvVarsInLog = 0;
		};
/* End PBXShellScriptBuildPhase section */

/* Begin PBXSourcesBuildPhase section */
		6CE0A3F8251DAE1600965363 /* Sources */ = {
			isa = PBXSourcesBuildPhase;
			buildActionMask = 2147483647;
			files = (
				6C2D7FB32527CDCD008F78D9 /* CollectionDetailedViewController.swift in Sources */,
				6C8416952525297F00CF1CD6 /* MovieDetailsViewController.swift in Sources */,
				6CE0A400251DAE1600965363 /* AppDelegate.swift in Sources */,
				6CE0A402251DAE1600965363 /* SceneDelegate.swift in Sources */,
				6CE0A453251DBBAE00965363 /* MovieCell.swift in Sources */,
				6CE0A446251DB1DB00965363 /* MoviesViewController.swift in Sources */,
				6C84169A2525323C00CF1CD6 /* MovieGridViewController.swift in Sources */,
				6C84169F2525484500CF1CD6 /* MovieGridCell.swift in Sources */,
			);
			runOnlyForDeploymentPostprocessing = 0;
		};
		6CE0A40E251DAE1800965363 /* Sources */ = {
			isa = PBXSourcesBuildPhase;
			buildActionMask = 2147483647;
			files = (
				6CE0A417251DAE1800965363 /* FlixterTests.swift in Sources */,
			);
			runOnlyForDeploymentPostprocessing = 0;
		};
		6CE0A419251DAE1900965363 /* Sources */ = {
			isa = PBXSourcesBuildPhase;
			buildActionMask = 2147483647;
			files = (
				6CE0A422251DAE1900965363 /* FlixterUITests.swift in Sources */,
			);
			runOnlyForDeploymentPostprocessing = 0;
		};
/* End PBXSourcesBuildPhase section */

/* Begin PBXTargetDependency section */
		6CE0A414251DAE1800965363 /* PBXTargetDependency */ = {
			isa = PBXTargetDependency;
			target = 6CE0A3FB251DAE1600965363 /* Flixter */;
			targetProxy = 6CE0A413251DAE1800965363 /* PBXContainerItemProxy */;
		};
		6CE0A41F251DAE1900965363 /* PBXTargetDependency */ = {
			isa = PBXTargetDependency;
			target = 6CE0A3FB251DAE1600965363 /* Flixter */;
			targetProxy = 6CE0A41E251DAE1900965363 /* PBXContainerItemProxy */;
		};
/* End PBXTargetDependency section */

/* Begin PBXVariantGroup section */
		6CE0A405251DAE1600965363 /* Main.storyboard */ = {
			isa = PBXVariantGroup;
			children = (
				6CE0A406251DAE1600965363 /* Base */,
			);
			name = Main.storyboard;
			sourceTree = "<group>";
		};
		6CE0A40A251DAE1800965363 /* LaunchScreen.storyboard */ = {
			isa = PBXVariantGroup;
			children = (
				6CE0A40B251DAE1800965363 /* Base */,
			);
			name = LaunchScreen.storyboard;
			sourceTree = "<group>";
		};
/* End PBXVariantGroup section */

/* Begin XCBuildConfiguration section */
		6CE0A424251DAE1900965363 /* Debug */ = {
			isa = XCBuildConfiguration;
			buildSettings = {
				ALWAYS_SEARCH_USER_PATHS = NO;
				CLANG_ANALYZER_NONNULL = YES;
				CLANG_ANALYZER_NUMBER_OBJECT_CONVERSION = YES_AGGRESSIVE;
				CLANG_CXX_LANGUAGE_STANDARD = "gnu++14";
				CLANG_CXX_LIBRARY = "libc++";
				CLANG_ENABLE_MODULES = YES;
				CLANG_ENABLE_OBJC_ARC = YES;
				CLANG_ENABLE_OBJC_WEAK = YES;
				CLANG_WARN_BLOCK_CAPTURE_AUTORELEASING = YES;
				CLANG_WARN_BOOL_CONVERSION = YES;
				CLANG_WARN_COMMA = YES;
				CLANG_WARN_CONSTANT_CONVERSION = YES;
				CLANG_WARN_DEPRECATED_OBJC_IMPLEMENTATIONS = YES;
				CLANG_WARN_DIRECT_OBJC_ISA_USAGE = YES_ERROR;
				CLANG_WARN_DOCUMENTATION_COMMENTS = YES;
				CLANG_WARN_EMPTY_BODY = YES;
				CLANG_WARN_ENUM_CONVERSION = YES;
				CLANG_WARN_INFINITE_RECURSION = YES;
				CLANG_WARN_INT_CONVERSION = YES;
				CLANG_WARN_NON_LITERAL_NULL_CONVERSION = YES;
				CLANG_WARN_OBJC_IMPLICIT_RETAIN_SELF = YES;
				CLANG_WARN_OBJC_LITERAL_CONVERSION = YES;
				CLANG_WARN_OBJC_ROOT_CLASS = YES_ERROR;
				CLANG_WARN_QUOTED_INCLUDE_IN_FRAMEWORK_HEADER = YES;
				CLANG_WARN_RANGE_LOOP_ANALYSIS = YES;
				CLANG_WARN_STRICT_PROTOTYPES = YES;
				CLANG_WARN_SUSPICIOUS_MOVE = YES;
				CLANG_WARN_UNGUARDED_AVAILABILITY = YES_AGGRESSIVE;
				CLANG_WARN_UNREACHABLE_CODE = YES;
				CLANG_WARN__DUPLICATE_METHOD_MATCH = YES;
				COPY_PHASE_STRIP = NO;
				DEBUG_INFORMATION_FORMAT = dwarf;
				ENABLE_STRICT_OBJC_MSGSEND = YES;
				ENABLE_TESTABILITY = YES;
				GCC_C_LANGUAGE_STANDARD = gnu11;
				GCC_DYNAMIC_NO_PIC = NO;
				GCC_NO_COMMON_BLOCKS = YES;
				GCC_OPTIMIZATION_LEVEL = 0;
				GCC_PREPROCESSOR_DEFINITIONS = (
					"DEBUG=1",
					"$(inherited)",
				);
				GCC_WARN_64_TO_32_BIT_CONVERSION = YES;
				GCC_WARN_ABOUT_RETURN_TYPE = YES_ERROR;
				GCC_WARN_UNDECLARED_SELECTOR = YES;
				GCC_WARN_UNINITIALIZED_AUTOS = YES_AGGRESSIVE;
				GCC_WARN_UNUSED_FUNCTION = YES;
				GCC_WARN_UNUSED_VARIABLE = YES;
				IPHONEOS_DEPLOYMENT_TARGET = 14.0;
				MTL_ENABLE_DEBUG_INFO = INCLUDE_SOURCE;
				MTL_FAST_MATH = YES;
				ONLY_ACTIVE_ARCH = YES;
				SDKROOT = iphoneos;
				SWIFT_ACTIVE_COMPILATION_CONDITIONS = DEBUG;
				SWIFT_OPTIMIZATION_LEVEL = "-Onone";
			};
			name = Debug;
		};
		6CE0A425251DAE1900965363 /* Release */ = {
			isa = XCBuildConfiguration;
			buildSettings = {
				ALWAYS_SEARCH_USER_PATHS = NO;
				CLANG_ANALYZER_NONNULL = YES;
				CLANG_ANALYZER_NUMBER_OBJECT_CONVERSION = YES_AGGRESSIVE;
				CLANG_CXX_LANGUAGE_STANDARD = "gnu++14";
				CLANG_CXX_LIBRARY = "libc++";
				CLANG_ENABLE_MODULES = YES;
				CLANG_ENABLE_OBJC_ARC = YES;
				CLANG_ENABLE_OBJC_WEAK = YES;
				CLANG_WARN_BLOCK_CAPTURE_AUTORELEASING = YES;
				CLANG_WARN_BOOL_CONVERSION = YES;
				CLANG_WARN_COMMA = YES;
				CLANG_WARN_CONSTANT_CONVERSION = YES;
				CLANG_WARN_DEPRECATED_OBJC_IMPLEMENTATIONS = YES;
				CLANG_WARN_DIRECT_OBJC_ISA_USAGE = YES_ERROR;
				CLANG_WARN_DOCUMENTATION_COMMENTS = YES;
				CLANG_WARN_EMPTY_BODY = YES;
				CLANG_WARN_ENUM_CONVERSION = YES;
				CLANG_WARN_INFINITE_RECURSION = YES;
				CLANG_WARN_INT_CONVERSION = YES;
				CLANG_WARN_NON_LITERAL_NULL_CONVERSION = YES;
				CLANG_WARN_OBJC_IMPLICIT_RETAIN_SELF = YES;
				CLANG_WARN_OBJC_LITERAL_CONVERSION = YES;
				CLANG_WARN_OBJC_ROOT_CLASS = YES_ERROR;
				CLANG_WARN_QUOTED_INCLUDE_IN_FRAMEWORK_HEADER = YES;
				CLANG_WARN_RANGE_LOOP_ANALYSIS = YES;
				CLANG_WARN_STRICT_PROTOTYPES = YES;
				CLANG_WARN_SUSPICIOUS_MOVE = YES;
				CLANG_WARN_UNGUARDED_AVAILABILITY = YES_AGGRESSIVE;
				CLANG_WARN_UNREACHABLE_CODE = YES;
				CLANG_WARN__DUPLICATE_METHOD_MATCH = YES;
				COPY_PHASE_STRIP = NO;
				DEBUG_INFORMATION_FORMAT = "dwarf-with-dsym";
				ENABLE_NS_ASSERTIONS = NO;
				ENABLE_STRICT_OBJC_MSGSEND = YES;
				GCC_C_LANGUAGE_STANDARD = gnu11;
				GCC_NO_COMMON_BLOCKS = YES;
				GCC_WARN_64_TO_32_BIT_CONVERSION = YES;
				GCC_WARN_ABOUT_RETURN_TYPE = YES_ERROR;
				GCC_WARN_UNDECLARED_SELECTOR = YES;
				GCC_WARN_UNINITIALIZED_AUTOS = YES_AGGRESSIVE;
				GCC_WARN_UNUSED_FUNCTION = YES;
				GCC_WARN_UNUSED_VARIABLE = YES;
				IPHONEOS_DEPLOYMENT_TARGET = 14.0;
				MTL_ENABLE_DEBUG_INFO = NO;
				MTL_FAST_MATH = YES;
				SDKROOT = iphoneos;
				SWIFT_COMPILATION_MODE = wholemodule;
				SWIFT_OPTIMIZATION_LEVEL = "-O";
				VALIDATE_PRODUCT = YES;
			};
			name = Release;
		};
		6CE0A427251DAE1900965363 /* Debug */ = {
			isa = XCBuildConfiguration;
			baseConfigurationReference = 9029B554FBBD0E71A192CE78 /* Pods-Flixter.debug.xcconfig */;
			buildSettings = {
				ASSETCATALOG_COMPILER_APPICON_NAME = AppIcon;
				ASSETCATALOG_COMPILER_GLOBAL_ACCENT_COLOR_NAME = AccentColor;
				CODE_SIGN_STYLE = Automatic;
				INFOPLIST_FILE = Flixter/Info.plist;
				LD_RUNPATH_SEARCH_PATHS = (
					"$(inherited)",
					"@executable_path/Frameworks",
				);
				PRODUCT_BUNDLE_IDENTIFIER = "Pawan-Projects.Flixter";
				PRODUCT_NAME = "$(TARGET_NAME)";
				SWIFT_VERSION = 5.0;
				TARGETED_DEVICE_FAMILY = "1,2";
			};
			name = Debug;
		};
		6CE0A428251DAE1900965363 /* Release */ = {
			isa = XCBuildConfiguration;
			baseConfigurationReference = FA2A8CADCEC3F32F12A6C88E /* Pods-Flixter.release.xcconfig */;
			buildSettings = {
				ASSETCATALOG_COMPILER_APPICON_NAME = AppIcon;
				ASSETCATALOG_COMPILER_GLOBAL_ACCENT_COLOR_NAME = AccentColor;
				CODE_SIGN_STYLE = Automatic;
				INFOPLIST_FILE = Flixter/Info.plist;
				LD_RUNPATH_SEARCH_PATHS = (
					"$(inherited)",
					"@executable_path/Frameworks",
				);
				PRODUCT_BUNDLE_IDENTIFIER = "Pawan-Projects.Flixter";
				PRODUCT_NAME = "$(TARGET_NAME)";
				SWIFT_VERSION = 5.0;
				TARGETED_DEVICE_FAMILY = "1,2";
			};
			name = Release;
		};
		6CE0A42A251DAE1900965363 /* Debug */ = {
			isa = XCBuildConfiguration;
			baseConfigurationReference = 252EC57A91E9A259E93BA447 /* Pods-FlixterTests.debug.xcconfig */;
			buildSettings = {
				ALWAYS_EMBED_SWIFT_STANDARD_LIBRARIES = YES;
				BUNDLE_LOADER = "$(TEST_HOST)";
				CODE_SIGN_STYLE = Automatic;
				INFOPLIST_FILE = FlixterTests/Info.plist;
				IPHONEOS_DEPLOYMENT_TARGET = 14.0;
				LD_RUNPATH_SEARCH_PATHS = (
					"$(inherited)",
					"@executable_path/Frameworks",
					"@loader_path/Frameworks",
				);
				PRODUCT_BUNDLE_IDENTIFIER = "Pawan-Projects.FlixterTests";
				PRODUCT_NAME = "$(TARGET_NAME)";
				SWIFT_VERSION = 5.0;
				TARGETED_DEVICE_FAMILY = "1,2";
				TEST_HOST = "$(BUILT_PRODUCTS_DIR)/Flixter.app/Flixter";
			};
			name = Debug;
		};
		6CE0A42B251DAE1900965363 /* Release */ = {
			isa = XCBuildConfiguration;
			baseConfigurationReference = 141706893AFA65EC4F599AFE /* Pods-FlixterTests.release.xcconfig */;
			buildSettings = {
				ALWAYS_EMBED_SWIFT_STANDARD_LIBRARIES = YES;
				BUNDLE_LOADER = "$(TEST_HOST)";
				CODE_SIGN_STYLE = Automatic;
				INFOPLIST_FILE = FlixterTests/Info.plist;
				IPHONEOS_DEPLOYMENT_TARGET = 14.0;
				LD_RUNPATH_SEARCH_PATHS = (
					"$(inherited)",
					"@executable_path/Frameworks",
					"@loader_path/Frameworks",
				);
				PRODUCT_BUNDLE_IDENTIFIER = "Pawan-Projects.FlixterTests";
				PRODUCT_NAME = "$(TARGET_NAME)";
				SWIFT_VERSION = 5.0;
				TARGETED_DEVICE_FAMILY = "1,2";
				TEST_HOST = "$(BUILT_PRODUCTS_DIR)/Flixter.app/Flixter";
			};
			name = Release;
		};
		6CE0A42D251DAE1900965363 /* Debug */ = {
			isa = XCBuildConfiguration;
			baseConfigurationReference = 81DFA95638B04CCC3EC41B7E /* Pods-Flixter-FlixterUITests.debug.xcconfig */;
			buildSettings = {
				ALWAYS_EMBED_SWIFT_STANDARD_LIBRARIES = YES;
				CODE_SIGN_STYLE = Automatic;
				INFOPLIST_FILE = FlixterUITests/Info.plist;
				LD_RUNPATH_SEARCH_PATHS = (
					"$(inherited)",
					"@executable_path/Frameworks",
					"@loader_path/Frameworks",
				);
				PRODUCT_BUNDLE_IDENTIFIER = "Pawan-Projects.FlixterUITests";
				PRODUCT_NAME = "$(TARGET_NAME)";
				SWIFT_VERSION = 5.0;
				TARGETED_DEVICE_FAMILY = "1,2";
				TEST_TARGET_NAME = Flixter;
			};
			name = Debug;
		};
		6CE0A42E251DAE1900965363 /* Release */ = {
			isa = XCBuildConfiguration;
			baseConfigurationReference = 0253745715B31E3CFBF17A23 /* Pods-Flixter-FlixterUITests.release.xcconfig */;
			buildSettings = {
				ALWAYS_EMBED_SWIFT_STANDARD_LIBRARIES = YES;
				CODE_SIGN_STYLE = Automatic;
				INFOPLIST_FILE = FlixterUITests/Info.plist;
				LD_RUNPATH_SEARCH_PATHS = (
					"$(inherited)",
					"@executable_path/Frameworks",
					"@loader_path/Frameworks",
				);
				PRODUCT_BUNDLE_IDENTIFIER = "Pawan-Projects.FlixterUITests";
				PRODUCT_NAME = "$(TARGET_NAME)";
				SWIFT_VERSION = 5.0;
				TARGETED_DEVICE_FAMILY = "1,2";
				TEST_TARGET_NAME = Flixter;
			};
			name = Release;
		};
/* End XCBuildConfiguration section */

/* Begin XCConfigurationList section */
		6CE0A3F7251DAE1600965363 /* Build configuration list for PBXProject "Flixter" */ = {
			isa = XCConfigurationList;
			buildConfigurations = (
				6CE0A424251DAE1900965363 /* Debug */,
				6CE0A425251DAE1900965363 /* Release */,
			);
			defaultConfigurationIsVisible = 0;
			defaultConfigurationName = Release;
		};
		6CE0A426251DAE1900965363 /* Build configuration list for PBXNativeTarget "Flixter" */ = {
			isa = XCConfigurationList;
			buildConfigurations = (
				6CE0A427251DAE1900965363 /* Debug */,
				6CE0A428251DAE1900965363 /* Release */,
			);
			defaultConfigurationIsVisible = 0;
			defaultConfigurationName = Release;
		};
		6CE0A429251DAE1900965363 /* Build configuration list for PBXNativeTarget "FlixterTests" */ = {
			isa = XCConfigurationList;
			buildConfigurations = (
				6CE0A42A251DAE1900965363 /* Debug */,
				6CE0A42B251DAE1900965363 /* Release */,
			);
			defaultConfigurationIsVisible = 0;
			defaultConfigurationName = Release;
		};
		6CE0A42C251DAE1900965363 /* Build configuration list for PBXNativeTarget "FlixterUITests" */ = {
			isa = XCConfigurationList;
			buildConfigurations = (
				6CE0A42D251DAE1900965363 /* Debug */,
				6CE0A42E251DAE1900965363 /* Release */,
			);
			defaultConfigurationIsVisible = 0;
			defaultConfigurationName = Release;
		};
/* End XCConfigurationList section */
	};
	rootObject = 6CE0A3F4251DAE1600965363 /* Project object */;
}
